
Microsoft Visual Studio Solution File, Format Version 12.00
# Visual Studio 15
VisualStudioVersion = 15.0.27130.2026
MinimumVisualStudioVersion = 10.0.40219.1
Project("{8BC9CEB8-8B4A-11D0-8D11-00A0C91BC942}") = "algorithm", "algorithm\algorithm.vcxproj", "{1CF4454C-3B9D-4F51-AFE7-988D444F2B5D}"
EndProject
Global
	GlobalSection(SolutionConfigurationPlatforms) = preSolution
		Debug|x64 = Debug|x64
		Debug|x86 = Debug|x86
		Release|x64 = Release|x64
		Release|x86 = Release|x86
	EndGlobalSection
	GlobalSection(ProjectConfigurationPlatforms) = postSolution
		{1CF4454C-3B9D-4F51-AFE7-988D444F2B5D}.Debug|x64.ActiveCfg = Debug|x64
		{1CF4454C-3B9D-4F51-AFE7-988D444F2B5D}.Debug|x64.Build.0 = Debug|x64
		{1CF4454C-3B9D-4F51-AFE7-988D444F2B5D}.Debug|x86.ActiveCfg = Debug|Win32
		{1CF4454C-3B9D-4F51-AFE7-988D444F2B5D}.Debug|x86.Build.0 = Debug|Win32
		{1CF4454C-3B9D-4F51-AFE7-988D444F2B5D}.Release|x64.ActiveCfg = Release|x64
		{1CF4454C-3B9D-4F51-AFE7-988D444F2B5D}.Release|x64.Build.0 = Release|x64
		{1CF4454C-3B9D-4F51-AFE7-988D444F2B5D}.Release|x86.ActiveCfg = Release|Win32
		{1CF4454C-3B9D-4F51-AFE7-988D444F2B5D}.Release|x86.Build.0 = Release|Win32
	EndGlobalSection
	GlobalSection(SolutionProperties) = preSolution
		HideSolutionNode = FALSE
	EndGlobalSection
	GlobalSection(ExtensibilityGlobals) = postSolution
		SolutionGuid = {D2E012F3-EABD-4C9D-B0E4-5E93C5F00451}
	EndGlobalSection
EndGlobal
